
Microsoft Visual Studio Solution File, Format Version 12.00
# Visual Studio Version 17
VisualStudioVersion = 17.3.32819.101
MinimumVisualStudioVersion = 10.0.40219.1
Project("{FAE04EC0-301F-11D3-BF4B-00C04F79EFBC}") = "KinKhab", "KinKhab\KinKhab.csproj", "{AF1ABE66-4E56-4D38-BE18-0C01AB581BA2}"
EndProject
Global
	GlobalSection(SolutionConfigurationPlatforms) = preSolution
		Debug|Any CPU = Debug|Any CPU
		Release|Any CPU = Release|Any CPU
	EndGlobalSection
	GlobalSection(ProjectConfigurationPlatforms) = postSolution
		{AF1ABE66-4E56-4D38-BE18-0C01AB581BA2}.Debug|Any CPU.ActiveCfg = Debug|Any CPU
		{AF1ABE66-4E56-4D38-BE18-0C01AB581BA2}.Debug|Any CPU.Build.0 = Debug|Any CPU
		{AF1ABE66-4E56-4D38-BE18-0C01AB581BA2}.Release|Any CPU.ActiveCfg = Release|Any CPU
		{AF1ABE66-4E56-4D38-BE18-0C01AB581BA2}.Release|Any CPU.Build.0 = Release|Any CPU
	EndGlobalSection
	GlobalSection(SolutionProperties) = preSolution
		HideSolutionNode = FALSE
	EndGlobalSection
	GlobalSection(ExtensibilityGlobals) = postSolution
		SolutionGuid = {11F73EEC-6473-43A3-8E4D-81857522AA09}
	EndGlobalSection
EndGlobal
